<?xml version="1.0" encoding="UTF-8" standalone="yes" ?>
<CodeBlocks_project_file>
	<FileVersion major="1" minor="6" />
	<Project>
		<Option title="PROJET_Plantamiz" />
		<Option pch_mode="2" />
		<Option compiler="gcc" />
		<Build>
			<Target title="Debug">
				<Option output="bin\Debug\PROJET_Plantamiz" prefix_auto="1" extension_auto="1" />
				<Option object_output="obj\Debug\" />
				<Option type="1" />
				<Option compiler="gcc" />
				<Compiler>
					<Add option="-pedantic" />
					<Add option="-Wextra" />
					<Add option="-Wall" />
					<Add option="-g" />
					<Add option="-std=c99" />
				</Compiler>
			</Target>
			<Target title="Release">
				<Option output="bin\Release\PROJET_Plantamiz" prefix_auto="1" extension_auto="1" />
				<Option object_output="obj\Release\" />
				<Option type="1" />
				<Option compiler="gcc" />
				<Compiler>
					<Add option="-O2" />
				</Compiler>
				<Linker>
					<Add option="-s" />
				</Linker>
			</Target>
		</Build>
		<Compiler>
			<Add option="-Wall" />
		</Compiler>
		<Unit filename="Affichage_menu.c">
			<Option compilerVar="CC" />
		</Unit>
		<Unit filename="Affichage_transition_gagne.c">
			<Option compilerVar="CC" />
		</Unit>
		<Unit filename="Affichage_transition_perdu.c">
			<Option compilerVar="CC" />
		</Unit>
		<Unit filename="Creation_fichier.c">
			<Option compilerVar="CC" />
		</Unit>
		<Unit filename="Creer_et_afficher_matrice.c">
			<Option compilerVar="CC" />
		</Unit>
		<Unit filename="Jouer.c">
			<Option compilerVar="CC" />
		</Unit>
		<Unit filename="Plantamiz.h" />
		<Unit filename="Tombage.c">
			<Option compilerVar="CC" />
		</Unit>
		<Unit filename="Transition.c">
			<Option compilerVar="CC" />
		</Unit>
		<Unit filename="changer_de_place.c">
			<Option compilerVar="CC" />
		</Unit>
		<Unit filename="combinaisonL.c">
			<Option compilerVar="CC" />
		</Unit>
		<Unit filename="combinaisonT.c">
			<Option compilerVar="CC" />
		</Unit>
		<Unit filename="combinaisoncroix.c">
			<Option compilerVar="CC" />
		</Unit>
		<Unit filename="combinaisonlineaire.c">
			<Option compilerVar="CC" />
		</Unit>
		<Unit filename="initialisation_contrat.c">
			<Option compilerVar="CC" />
		</Unit>
		<Unit filename="main.c">
			<Option compilerVar="CC" />
		</Unit>
		<Unit filename="mange.c">
			<Option compilerVar="CC" />
		</Unit>
		<Unit filename="ouverture_fichier.c">
			<Option compilerVar="CC" />
		</Unit>
		<Unit filename="sauvegarde_fichier.c">
			<Option compilerVar="CC" />
		</Unit>
		<Unit filename="sup_et_couleur.c">
			<Option compilerVar="CC" />
		</Unit>
		<Extensions>
			<code_completion />
			<envvars />
			<debugger />
			<lib_finder disable_auto="1" />
		</Extensions>
	</Project>
</CodeBlocks_project_file>
